
Microsoft Visual Studio Solution File, Format Version 11.00
# Visual Studio 2010
Project("{FAE04EC0-301F-11D3-BF4B-00C04F79EFBC}") = "Pixelformat", "Pixelformat\Pixelformat.csproj", "{680E7258-1626-4702-A64B-5F8F56A27657}"
EndProject
Global
	GlobalSection(SolutionConfigurationPlatforms) = preSolution
		Debug|Any CPU = Debug|Any CPU
		Release|Any CPU = Release|Any CPU
	EndGlobalSection
	GlobalSection(ProjectConfigurationPlatforms) = postSolution
		{680E7258-1626-4702-A64B-5F8F56A27657}.Debug|Any CPU.ActiveCfg = Debug|Any CPU
		{680E7258-1626-4702-A64B-5F8F56A27657}.Debug|Any CPU.Build.0 = Debug|Any CPU
		{680E7258-1626-4702-A64B-5F8F56A27657}.Release|Any CPU.ActiveCfg = Release|Any CPU
		{680E7258-1626-4702-A64B-5F8F56A27657}.Release|Any CPU.Build.0 = Release|Any CPU
	EndGlobalSection
	GlobalSection(SolutionProperties) = preSolution
		HideSolutionNode = FALSE
	EndGlobalSection
EndGlobal
