
Microsoft Visual Studio Solution File, Format Version 12.00
# Visual Studio 15
VisualStudioVersion = 15.0.27130.2027
MinimumVisualStudioVersion = 10.0.40219.1
Project("{FAE04EC0-301F-11D3-BF4B-00C04F79EFBC}") = "HelloMioPlate", "HelloMioPlate\HelloMioPlate.csproj", "{60AA2776-D862-46BF-AF4D-661AB18D2B2E}"
EndProject
Global
	GlobalSection(SolutionConfigurationPlatforms) = preSolution
		Debug|Any CPU = Debug|Any CPU
		Release|Any CPU = Release|Any CPU
	EndGlobalSection
	GlobalSection(ProjectConfigurationPlatforms) = postSolution
		{60AA2776-D862-46BF-AF4D-661AB18D2B2E}.Debug|Any CPU.ActiveCfg = Debug|Any CPU
		{60AA2776-D862-46BF-AF4D-661AB18D2B2E}.Debug|Any CPU.Build.0 = Debug|Any CPU
		{60AA2776-D862-46BF-AF4D-661AB18D2B2E}.Release|Any CPU.ActiveCfg = Release|Any CPU
		{60AA2776-D862-46BF-AF4D-661AB18D2B2E}.Release|Any CPU.Build.0 = Release|Any CPU
	EndGlobalSection
	GlobalSection(SolutionProperties) = preSolution
		HideSolutionNode = FALSE
	EndGlobalSection
	GlobalSection(ExtensibilityGlobals) = postSolution
		SolutionGuid = {4F4C9460-80D9-4C33-97D2-1539D9BB22F3}
	EndGlobalSection
EndGlobal
