
Microsoft Visual Studio Solution File, Format Version 11.00
# Visual Studio 2010
Project("{FAE04EC0-301F-11D3-BF4B-00C04F79EFBC}") = "MinimalUpdateableDrawing", "MinimalUpdateableDrawing\MinimalUpdateableDrawing.csproj", "{F7B8A885-A5EB-4651-BE15-49EFE2D57A19}"
EndProject
Global
	GlobalSection(SolutionConfigurationPlatforms) = preSolution
		Debug|x86 = Debug|x86
		Release|x86 = Release|x86
	EndGlobalSection
	GlobalSection(ProjectConfigurationPlatforms) = postSolution
		{F7B8A885-A5EB-4651-BE15-49EFE2D57A19}.Debug|x86.ActiveCfg = Debug|x86
		{F7B8A885-A5EB-4651-BE15-49EFE2D57A19}.Debug|x86.Build.0 = Debug|x86
		{F7B8A885-A5EB-4651-BE15-49EFE2D57A19}.Release|x86.ActiveCfg = Release|x86
		{F7B8A885-A5EB-4651-BE15-49EFE2D57A19}.Release|x86.Build.0 = Release|x86
	EndGlobalSection
	GlobalSection(SolutionProperties) = preSolution
		HideSolutionNode = FALSE
	EndGlobalSection
EndGlobal
