
Microsoft Visual Studio Solution File, Format Version 11.00
# Visual Studio 2010
Project("{FAE04EC0-301F-11D3-BF4B-00C04F79EFBC}") = "Scroll And Zoom", "Scroll And Zoom\Scroll And Zoom.csproj", "{7B3577E1-23D3-4BF2-B447-5BBEAFF901D8}"
EndProject
Global
	GlobalSection(SolutionConfigurationPlatforms) = preSolution
		Debug|Any CPU = Debug|Any CPU
		Release|Any CPU = Release|Any CPU
	EndGlobalSection
	GlobalSection(ProjectConfigurationPlatforms) = postSolution
		{7B3577E1-23D3-4BF2-B447-5BBEAFF901D8}.Debug|Any CPU.ActiveCfg = Debug|Any CPU
		{7B3577E1-23D3-4BF2-B447-5BBEAFF901D8}.Debug|Any CPU.Build.0 = Debug|Any CPU
		{7B3577E1-23D3-4BF2-B447-5BBEAFF901D8}.Release|Any CPU.ActiveCfg = Release|Any CPU
		{7B3577E1-23D3-4BF2-B447-5BBEAFF901D8}.Release|Any CPU.Build.0 = Release|Any CPU
	EndGlobalSection
	GlobalSection(SolutionProperties) = preSolution
		HideSolutionNode = FALSE
	EndGlobalSection
EndGlobal
