
Microsoft Visual Studio Solution File, Format Version 11.00
# Visual Studio 2010
Project("{FAE04EC0-301F-11D3-BF4B-00C04F79EFBC}") = "PlotterDrawingVisual", "PlotterDrawingVisual\PlotterDrawingVisual.csproj", "{6ab3ce6e-a806-4558-a105-adf9e7ff8b38}"
EndProject
Global
	GlobalSection(SolutionConfigurationPlatforms) = preSolution
		Debug|Any CPU = Debug|Any CPU
		Release|Any CPU = Release|Any CPU
	EndGlobalSection
	GlobalSection(ProjectConfigurationPlatforms) = postSolution
		{6AB3CE6E-A806-4558-A105-ADF9E7FF8B38}.Debug|Any CPU.ActiveCfg = Debug|Any CPU
		{6AB3CE6E-A806-4558-A105-ADF9E7FF8B38}.Debug|Any CPU.Build.0 = Debug|Any CPU
		{6AB3CE6E-A806-4558-A105-ADF9E7FF8B38}.Release|Any CPU.ActiveCfg = Release|Any CPU
		{6AB3CE6E-A806-4558-A105-ADF9E7FF8B38}.Release|Any CPU.Build.0 = Release|Any CPU
	EndGlobalSection
EndGlobal
