
Microsoft Visual Studio Solution File, Format Version 12.00
# Visual Studio 14
VisualStudioVersion = 14.0.25420.1
MinimumVisualStudioVersion = 10.0.40219.1
Project("{FAE04EC0-301F-11D3-BF4B-00C04F79EFBC}") = "RxNovoFrame", "RxNovoFrame\RxNovoFrame.csproj", "{967C44C8-2AC0-48EB-BB00-FF6D30B8A126}"
EndProject
Project("{FAE04EC0-301F-11D3-BF4B-00C04F79EFBC}") = "Miotec.BioSinais", "..\..\00 GIT\AplicativosDesktopGit\Miotec.BioSinais\Miotec.BioSinais.csproj", "{9B488104-8E68-4826-970E-D936C4CA33F0}"
EndProject
Global
	GlobalSection(SolutionConfigurationPlatforms) = preSolution
		Debug|Any CPU = Debug|Any CPU
		Release|Any CPU = Release|Any CPU
	EndGlobalSection
	GlobalSection(ProjectConfigurationPlatforms) = postSolution
		{967C44C8-2AC0-48EB-BB00-FF6D30B8A126}.Debug|Any CPU.ActiveCfg = Debug|Any CPU
		{967C44C8-2AC0-48EB-BB00-FF6D30B8A126}.Debug|Any CPU.Build.0 = Debug|Any CPU
		{967C44C8-2AC0-48EB-BB00-FF6D30B8A126}.Release|Any CPU.ActiveCfg = Release|Any CPU
		{967C44C8-2AC0-48EB-BB00-FF6D30B8A126}.Release|Any CPU.Build.0 = Release|Any CPU
		{9B488104-8E68-4826-970E-D936C4CA33F0}.Debug|Any CPU.ActiveCfg = Debug|Any CPU
		{9B488104-8E68-4826-970E-D936C4CA33F0}.Debug|Any CPU.Build.0 = Debug|Any CPU
		{9B488104-8E68-4826-970E-D936C4CA33F0}.Release|Any CPU.ActiveCfg = Release|Any CPU
		{9B488104-8E68-4826-970E-D936C4CA33F0}.Release|Any CPU.Build.0 = Release|Any CPU
	EndGlobalSection
	GlobalSection(SolutionProperties) = preSolution
		HideSolutionNode = FALSE
	EndGlobalSection
EndGlobal
