
Microsoft Visual Studio Solution File, Format Version 12.00
# Visual Studio 15
VisualStudioVersion = 15.0.27004.2009
MinimumVisualStudioVersion = 10.0.40219.1
Project("{FAE04EC0-301F-11D3-BF4B-00C04F79EFBC}") = "TimelineScrubbing", "TimelineScrubbing\TimelineScrubbing.csproj", "{0360C7C6-60B1-4A45-8E9C-41E2196D4504}"
EndProject
Global
	GlobalSection(Performance) = preSolution
		HasPerformanceSessions = true
	EndGlobalSection
	GlobalSection(SolutionConfigurationPlatforms) = preSolution
		Debug|Any CPU = Debug|Any CPU
		Release|Any CPU = Release|Any CPU
	EndGlobalSection
	GlobalSection(ProjectConfigurationPlatforms) = postSolution
		{0360C7C6-60B1-4A45-8E9C-41E2196D4504}.Debug|Any CPU.ActiveCfg = Debug|Any CPU
		{0360C7C6-60B1-4A45-8E9C-41E2196D4504}.Debug|Any CPU.Build.0 = Debug|Any CPU
		{0360C7C6-60B1-4A45-8E9C-41E2196D4504}.Release|Any CPU.ActiveCfg = Release|Any CPU
		{0360C7C6-60B1-4A45-8E9C-41E2196D4504}.Release|Any CPU.Build.0 = Release|Any CPU
	EndGlobalSection
	GlobalSection(SolutionProperties) = preSolution
		HideSolutionNode = FALSE
	EndGlobalSection
	GlobalSection(ExtensibilityGlobals) = postSolution
		SolutionGuid = {14BF4ED5-C9E4-452C-9F00-6F31A81A8BF8}
	EndGlobalSection
EndGlobal
