
Microsoft Visual Studio Solution File, Format Version 12.00
# Visual Studio 15
VisualStudioVersion = 15.0.28010.2046
MinimumVisualStudioVersion = 10.0.40219.1
Project("{FAE04EC0-301F-11D3-BF4B-00C04F79EFBC}") = "AppBase", "AppBase\AppBase.csproj", "{FB49D342-E3AD-445F-A88E-D7E41AB2ABAA}"
EndProject
Project("{FAE04EC0-301F-11D3-BF4B-00C04F79EFBC}") = "AppBaseDemo", "AppBaseDemo\AppBaseDemo.csproj", "{C725AE97-0721-4213-977F-76151D1D6B6C}"
EndProject
Project("{FAE04EC0-301F-11D3-BF4B-00C04F79EFBC}") = "Miotec.Framework", "..\..\..\00 GitLab\AplicativosDesktop\Miotec.Framework\Miotec.Framework.csproj", "{AC5C751F-804A-4E09-8179-20BEBCE2B405}"
EndProject
Global
	GlobalSection(SolutionConfigurationPlatforms) = preSolution
		Debug|Any CPU = Debug|Any CPU
		Release|Any CPU = Release|Any CPU
	EndGlobalSection
	GlobalSection(ProjectConfigurationPlatforms) = postSolution
		{FB49D342-E3AD-445F-A88E-D7E41AB2ABAA}.Debug|Any CPU.ActiveCfg = Debug|Any CPU
		{FB49D342-E3AD-445F-A88E-D7E41AB2ABAA}.Debug|Any CPU.Build.0 = Debug|Any CPU
		{FB49D342-E3AD-445F-A88E-D7E41AB2ABAA}.Release|Any CPU.ActiveCfg = Release|Any CPU
		{FB49D342-E3AD-445F-A88E-D7E41AB2ABAA}.Release|Any CPU.Build.0 = Release|Any CPU
		{C725AE97-0721-4213-977F-76151D1D6B6C}.Debug|Any CPU.ActiveCfg = Debug|Any CPU
		{C725AE97-0721-4213-977F-76151D1D6B6C}.Debug|Any CPU.Build.0 = Debug|Any CPU
		{C725AE97-0721-4213-977F-76151D1D6B6C}.Release|Any CPU.ActiveCfg = Release|Any CPU
		{C725AE97-0721-4213-977F-76151D1D6B6C}.Release|Any CPU.Build.0 = Release|Any CPU
		{AC5C751F-804A-4E09-8179-20BEBCE2B405}.Debug|Any CPU.ActiveCfg = Debug|Any CPU
		{AC5C751F-804A-4E09-8179-20BEBCE2B405}.Debug|Any CPU.Build.0 = Debug|Any CPU
		{AC5C751F-804A-4E09-8179-20BEBCE2B405}.Release|Any CPU.ActiveCfg = Release|Any CPU
		{AC5C751F-804A-4E09-8179-20BEBCE2B405}.Release|Any CPU.Build.0 = Release|Any CPU
	EndGlobalSection
	GlobalSection(SolutionProperties) = preSolution
		HideSolutionNode = FALSE
	EndGlobalSection
	GlobalSection(ExtensibilityGlobals) = postSolution
		SolutionGuid = {8A3783D9-4734-4423-8107-88A94D049659}
	EndGlobalSection
EndGlobal
