
Microsoft Visual Studio Solution File, Format Version 11.00
# Visual Studio 2010
Project("{FAE04EC0-301F-11D3-BF4B-00C04F79EFBC}") = "PanZoomMVVM", "PanZoomMVVM\PanZoomMVVM.csproj", "{67204c0b-78b4-4c35-99b9-73dd66b574b6}"
EndProject
Global
	GlobalSection(SolutionConfigurationPlatforms) = preSolution
		Debug|Any CPU = Debug|Any CPU
		Release|Any CPU = Release|Any CPU
	EndGlobalSection
	GlobalSection(ProjectConfigurationPlatforms) = postSolution
		{67204C0B-78B4-4C35-99B9-73DD66B574B6}.Debug|Any CPU.ActiveCfg = Debug|Any CPU
		{67204C0B-78B4-4C35-99B9-73DD66B574B6}.Debug|Any CPU.Build.0 = Debug|Any CPU
		{67204C0B-78B4-4C35-99B9-73DD66B574B6}.Release|Any CPU.ActiveCfg = Release|Any CPU
		{67204C0B-78B4-4C35-99B9-73DD66B574B6}.Release|Any CPU.Build.0 = Release|Any CPU
	EndGlobalSection
EndGlobal
