
Microsoft Visual Studio Solution File, Format Version 12.00
# Visual Studio 15
VisualStudioVersion = 15.0.27130.2036
MinimumVisualStudioVersion = 10.0.40219.1
Project("{FAE04EC0-301F-11D3-BF4B-00C04F79EFBC}") = "MultiplicaçãoMatrizesMathNumerics", "MultiplicaçãoMatrizesMathNumerics\MultiplicaçãoMatrizesMathNumerics.csproj", "{A36D9E1A-8031-4337-92F0-B8635FEA9BFD}"
EndProject
Global
	GlobalSection(SolutionConfigurationPlatforms) = preSolution
		Debug|Any CPU = Debug|Any CPU
		Release|Any CPU = Release|Any CPU
	EndGlobalSection
	GlobalSection(ProjectConfigurationPlatforms) = postSolution
		{A36D9E1A-8031-4337-92F0-B8635FEA9BFD}.Debug|Any CPU.ActiveCfg = Debug|Any CPU
		{A36D9E1A-8031-4337-92F0-B8635FEA9BFD}.Debug|Any CPU.Build.0 = Debug|Any CPU
		{A36D9E1A-8031-4337-92F0-B8635FEA9BFD}.Release|Any CPU.ActiveCfg = Release|Any CPU
		{A36D9E1A-8031-4337-92F0-B8635FEA9BFD}.Release|Any CPU.Build.0 = Release|Any CPU
	EndGlobalSection
	GlobalSection(SolutionProperties) = preSolution
		HideSolutionNode = FALSE
	EndGlobalSection
	GlobalSection(ExtensibilityGlobals) = postSolution
		SolutionGuid = {EADFE06A-1963-4021-8543-C1193C0D41F3}
	EndGlobalSection
EndGlobal
