
Microsoft Visual Studio Solution File, Format Version 11.00
# Visual Studio 2010
Project("{FAE04EC0-301F-11D3-BF4B-00C04F79EFBC}") = "DrawingGraficos", "DrawingGraficos\DrawingGraficos.csproj", "{ae726b40-512d-449a-82af-721eafa3458c}"
EndProject
Global
	GlobalSection(SolutionConfigurationPlatforms) = preSolution
		Debug|Any CPU = Debug|Any CPU
		Release|Any CPU = Release|Any CPU
	EndGlobalSection
	GlobalSection(ProjectConfigurationPlatforms) = postSolution
		{AE726B40-512D-449A-82AF-721EAFA3458C}.Debug|Any CPU.ActiveCfg = Debug|Any CPU
		{AE726B40-512D-449A-82AF-721EAFA3458C}.Debug|Any CPU.Build.0 = Debug|Any CPU
		{AE726B40-512D-449A-82AF-721EAFA3458C}.Release|Any CPU.ActiveCfg = Release|Any CPU
		{AE726B40-512D-449A-82AF-721EAFA3458C}.Release|Any CPU.Build.0 = Release|Any CPU
	EndGlobalSection
EndGlobal
