
Microsoft Visual Studio Solution File, Format Version 11.00
# Visual Studio 2010
Project("{FAE04EC0-301F-11D3-BF4B-00C04F79EFBC}") = "EscalaMarcadores", "EscalaMarcadores\EscalaMarcadores.csproj", "{7B6AE8E3-3363-4679-8B86-A4FB2B075F5E}"
EndProject
Project("{FAE04EC0-301F-11D3-BF4B-00C04F79EFBC}") = "Miotec.MVVM", "..\Miotec.Vert3d.MVVM\Miotec.MVVM.csproj", "{6FFDDB65-EC34-4FB7-A29A-66C0405073EC}"
EndProject
Global
	GlobalSection(SolutionConfigurationPlatforms) = preSolution
		Debug|Any CPU = Debug|Any CPU
		Release|Any CPU = Release|Any CPU
	EndGlobalSection
	GlobalSection(ProjectConfigurationPlatforms) = postSolution
		{7B6AE8E3-3363-4679-8B86-A4FB2B075F5E}.Debug|Any CPU.ActiveCfg = Debug|Any CPU
		{7B6AE8E3-3363-4679-8B86-A4FB2B075F5E}.Debug|Any CPU.Build.0 = Debug|Any CPU
		{7B6AE8E3-3363-4679-8B86-A4FB2B075F5E}.Release|Any CPU.ActiveCfg = Release|Any CPU
		{7B6AE8E3-3363-4679-8B86-A4FB2B075F5E}.Release|Any CPU.Build.0 = Release|Any CPU
		{6FFDDB65-EC34-4FB7-A29A-66C0405073EC}.Debug|Any CPU.ActiveCfg = Debug|Any CPU
		{6FFDDB65-EC34-4FB7-A29A-66C0405073EC}.Debug|Any CPU.Build.0 = Debug|Any CPU
		{6FFDDB65-EC34-4FB7-A29A-66C0405073EC}.Release|Any CPU.ActiveCfg = Release|Any CPU
		{6FFDDB65-EC34-4FB7-A29A-66C0405073EC}.Release|Any CPU.Build.0 = Release|Any CPU
	EndGlobalSection
	GlobalSection(SolutionProperties) = preSolution
		HideSolutionNode = FALSE
	EndGlobalSection
EndGlobal
