
Microsoft Visual Studio Solution File, Format Version 11.00
# Visual Studio 2010
Project("{FAE04EC0-301F-11D3-BF4B-00C04F79EFBC}") = "Capturing an AVI File", "Capturing an AVI File\Capturing an AVI File.csproj", "{422B1ACF-2B20-4D11-9393-489324D84592}"
EndProject
Global
	GlobalSection(SolutionConfigurationPlatforms) = preSolution
		Debug|Any CPU = Debug|Any CPU
		Release|Any CPU = Release|Any CPU
	EndGlobalSection
	GlobalSection(ProjectConfigurationPlatforms) = postSolution
		{422B1ACF-2B20-4D11-9393-489324D84592}.Debug|Any CPU.ActiveCfg = Debug|Any CPU
		{422B1ACF-2B20-4D11-9393-489324D84592}.Debug|Any CPU.Build.0 = Debug|Any CPU
		{422B1ACF-2B20-4D11-9393-489324D84592}.Release|Any CPU.ActiveCfg = Release|Any CPU
		{422B1ACF-2B20-4D11-9393-489324D84592}.Release|Any CPU.Build.0 = Release|Any CPU
	EndGlobalSection
	GlobalSection(SolutionProperties) = preSolution
		HideSolutionNode = FALSE
	EndGlobalSection
EndGlobal
