
Microsoft Visual Studio Solution File, Format Version 11.00
# Visual Studio 2010
Project("{FAE04EC0-301F-11D3-BF4B-00C04F79EFBC}") = "Creating an Overlay", "Creating an Overlay\Creating an Overlay.csproj", "{1114255F-4DFE-4CAF-A2FA-FF44930A6F41}"
EndProject
Global
	GlobalSection(SolutionConfigurationPlatforms) = preSolution
		Debug|Any CPU = Debug|Any CPU
		Release|Any CPU = Release|Any CPU
	EndGlobalSection
	GlobalSection(ProjectConfigurationPlatforms) = postSolution
		{1114255F-4DFE-4CAF-A2FA-FF44930A6F41}.Debug|Any CPU.ActiveCfg = Debug|Any CPU
		{1114255F-4DFE-4CAF-A2FA-FF44930A6F41}.Debug|Any CPU.Build.0 = Debug|Any CPU
		{1114255F-4DFE-4CAF-A2FA-FF44930A6F41}.Release|Any CPU.ActiveCfg = Release|Any CPU
		{1114255F-4DFE-4CAF-A2FA-FF44930A6F41}.Release|Any CPU.Build.0 = Release|Any CPU
	EndGlobalSection
	GlobalSection(SolutionProperties) = preSolution
		HideSolutionNode = FALSE
	EndGlobalSection
EndGlobal
