
Microsoft Visual Studio Solution File, Format Version 12.00
# Visual Studio 15
VisualStudioVersion = 15.0.26430.15
MinimumVisualStudioVersion = 10.0.40219.1
Project("{FAE04EC0-301F-11D3-BF4B-00C04F79EFBC}") = "HelloReactiveUI", "HelloReactiveUI\HelloReactiveUI.csproj", "{550BB5D0-FE5E-436B-A921-9A67C8FECE0B}"
EndProject
Global
	GlobalSection(SolutionConfigurationPlatforms) = preSolution
		Debug|Any CPU = Debug|Any CPU
		Release|Any CPU = Release|Any CPU
	EndGlobalSection
	GlobalSection(ProjectConfigurationPlatforms) = postSolution
		{550BB5D0-FE5E-436B-A921-9A67C8FECE0B}.Debug|Any CPU.ActiveCfg = Debug|Any CPU
		{550BB5D0-FE5E-436B-A921-9A67C8FECE0B}.Debug|Any CPU.Build.0 = Debug|Any CPU
		{550BB5D0-FE5E-436B-A921-9A67C8FECE0B}.Release|Any CPU.ActiveCfg = Release|Any CPU
		{550BB5D0-FE5E-436B-A921-9A67C8FECE0B}.Release|Any CPU.Build.0 = Release|Any CPU
	EndGlobalSection
	GlobalSection(SolutionProperties) = preSolution
		HideSolutionNode = FALSE
	EndGlobalSection
EndGlobal
