
Microsoft Visual Studio Solution File, Format Version 11.00
# Visual Studio 2010
Project("{FAE04EC0-301F-11D3-BF4B-00C04F79EFBC}") = "Strobe", "Strobe\Strobe.csproj", "{3B12BC3D-B3E0-4E3A-9192-AA13AB98901D}"
EndProject
Global
	GlobalSection(SolutionConfigurationPlatforms) = preSolution
		Debug|Any CPU = Debug|Any CPU
		Release|Any CPU = Release|Any CPU
	EndGlobalSection
	GlobalSection(ProjectConfigurationPlatforms) = postSolution
		{3B12BC3D-B3E0-4E3A-9192-AA13AB98901D}.Debug|Any CPU.ActiveCfg = Debug|Any CPU
		{3B12BC3D-B3E0-4E3A-9192-AA13AB98901D}.Debug|Any CPU.Build.0 = Debug|Any CPU
		{3B12BC3D-B3E0-4E3A-9192-AA13AB98901D}.Release|Any CPU.ActiveCfg = Release|Any CPU
		{3B12BC3D-B3E0-4E3A-9192-AA13AB98901D}.Release|Any CPU.Build.0 = Release|Any CPU
	EndGlobalSection
	GlobalSection(SolutionProperties) = preSolution
		HideSolutionNode = FALSE
	EndGlobalSection
EndGlobal
