
Microsoft Visual Studio Solution File, Format Version 11.00
# Visual Studio 2010
Project("{FAE04EC0-301F-11D3-BF4B-00C04F79EFBC}") = "FixedDocument", "FixedDocument\FixedDocument.csproj", "{879188d9-ef4f-4dde-9027-6bce10d70738}"
EndProject
Global
	GlobalSection(SolutionConfigurationPlatforms) = preSolution
		Debug|Any CPU = Debug|Any CPU
		Release|Any CPU = Release|Any CPU
	EndGlobalSection
	GlobalSection(ProjectConfigurationPlatforms) = postSolution
		{879188D9-EF4F-4DDE-9027-6BCE10D70738}.Debug|Any CPU.ActiveCfg = Debug|Any CPU
		{879188D9-EF4F-4DDE-9027-6BCE10D70738}.Debug|Any CPU.Build.0 = Debug|Any CPU
		{879188D9-EF4F-4DDE-9027-6BCE10D70738}.Release|Any CPU.ActiveCfg = Release|Any CPU
		{879188D9-EF4F-4DDE-9027-6BCE10D70738}.Release|Any CPU.Build.0 = Release|Any CPU
	EndGlobalSection
EndGlobal
