
Microsoft Visual Studio Solution File, Format Version 11.00
# Visual Studio 2010
Project("{FAE04EC0-301F-11D3-BF4B-00C04F79EFBC}") = "Controlling DV Devices", "Controlling DV Devices\Controlling DV Devices.csproj", "{911A4C81-F581-4A34-BFEB-413446E4EDDD}"
EndProject
Global
	GlobalSection(SolutionConfigurationPlatforms) = preSolution
		Debug|Any CPU = Debug|Any CPU
		Release|Any CPU = Release|Any CPU
	EndGlobalSection
	GlobalSection(ProjectConfigurationPlatforms) = postSolution
		{911A4C81-F581-4A34-BFEB-413446E4EDDD}.Debug|Any CPU.ActiveCfg = Debug|Any CPU
		{911A4C81-F581-4A34-BFEB-413446E4EDDD}.Debug|Any CPU.Build.0 = Debug|Any CPU
		{911A4C81-F581-4A34-BFEB-413446E4EDDD}.Release|Any CPU.ActiveCfg = Release|Any CPU
		{911A4C81-F581-4A34-BFEB-413446E4EDDD}.Release|Any CPU.Build.0 = Release|Any CPU
	EndGlobalSection
	GlobalSection(SolutionProperties) = preSolution
		HideSolutionNode = FALSE
	EndGlobalSection
EndGlobal
